
Microsoft Visual Studio Solution File, Format Version 12.00
# Visual Studio Version 17
VisualStudioVersion = 17.10.35013.160
MinimumVisualStudioVersion = 10.0.40219.1
Project("{FAE04EC0-301F-11D3-BF4B-00C04F79EFBC}") = "Topic 1 - The Basics Assignment", "Topic 1 - The Basics Assignment\Topic 1 - The Basics Assignment.csproj", "{E001C292-5489-4236-9BC9-11A5358B5DB8}"
EndProject
Global
	GlobalSection(SolutionConfigurationPlatforms) = preSolution
		Debug|Any CPU = Debug|Any CPU
		Release|Any CPU = Release|Any CPU
	EndGlobalSection
	GlobalSection(ProjectConfigurationPlatforms) = postSolution
		{E001C292-5489-4236-9BC9-11A5358B5DB8}.Debug|Any CPU.ActiveCfg = Debug|Any CPU
		{E001C292-5489-4236-9BC9-11A5358B5DB8}.Debug|Any CPU.Build.0 = Debug|Any CPU
		{E001C292-5489-4236-9BC9-11A5358B5DB8}.Release|Any CPU.ActiveCfg = Release|Any CPU
		{E001C292-5489-4236-9BC9-11A5358B5DB8}.Release|Any CPU.Build.0 = Release|Any CPU
	EndGlobalSection
	GlobalSection(SolutionProperties) = preSolution
		HideSolutionNode = FALSE
	EndGlobalSection
	GlobalSection(ExtensibilityGlobals) = postSolution
		SolutionGuid = {58B790EC-9F73-4578-8060-B83A366998CF}
	EndGlobalSection
EndGlobal
